// !$*UTF8*$!
{
	archiveVersion = 1;
	classes = {
	};
	objectVersion = 56;
	objects = {

/* Begin PBXBuildFile section */
		B2A977F12C50E8A5002042C9 /* AppDelegate.swift in Sources */ = {isa = PBXBuildFile; fileRef = B2A977F02C50E8A5002042C9 /* AppDelegate.swift */; };
		B2A977F32C50E8A5002042C9 /* SceneDelegate.swift in Sources */ = {isa = PBXBuildFile; fileRef = B2A977F22C50E8A5002042C9 /* SceneDelegate.swift */; };
		B2A977FA2C50E8A6002042C9 /* Assets.xcassets in Resources */ = {isa = PBXBuildFile; fileRef = B2A977F92C50E8A6002042C9 /* Assets.xcassets */; };
		B2A977FD2C50E8A6002042C9 /* Base in Resources */ = {isa = PBXBuildFile; fileRef = B2A977FC2C50E8A6002042C9 /* Base */; };
		B2A978082C50E8A6002042C9 /* router_exampleTests.swift in Sources */ = {isa = PBXBuildFile; fileRef = B2A978072C50E8A6002042C9 /* router_exampleTests.swift */; };
		B2A978122C50E8A6002042C9 /* router_exampleUITests.swift in Sources */ = {isa = PBXBuildFile; fileRef = B2A978112C50E8A6002042C9 /* router_exampleUITests.swift */; };
		B2A978142C50E8A6002042C9 /* router_exampleUITestsLaunchTests.swift in Sources */ = {isa = PBXBuildFile; fileRef = B2A978132C50E8A6002042C9 /* router_exampleUITestsLaunchTests.swift */; };
		B2A978CD2C50FF92002042C9 /* SomeModel.swift in Sources */ = {isa = PBXBuildFile; fileRef = B2A978B22C50FF92002042C9 /* SomeModel.swift */; };
		B2A978CE2C50FF92002042C9 /* Token.swift in Sources */ = {isa = PBXBuildFile; fileRef = B2A978B32C50FF92002042C9 /* Token.swift */; };
		B2A978CF2C50FF92002042C9 /* AuthStatusProviderUsecase.swift in Sources */ = {isa = PBXBuildFile; fileRef = B2A978B52C50FF92002042C9 /* AuthStatusProviderUsecase.swift */; };
		B2A978D12C50FF92002042C9 /* LoginUsecase.swift in Sources */ = {isa = PBXBuildFile; fileRef = B2A978B72C50FF92002042C9 /* LoginUsecase.swift */; };
		B2A978D22C50FF92002042C9 /* LogoutUsecase.swift in Sources */ = {isa = PBXBuildFile; fileRef = B2A978B82C50FF92002042C9 /* LogoutUsecase.swift */; };
		B2A978D32C50FF92002042C9 /* AuthRepository.swift in Sources */ = {isa = PBXBuildFile; fileRef = B2A978BA2C50FF92002042C9 /* AuthRepository.swift */; };
		B2A978D52C50FF92002042C9 /* TokenRepository.swift in Sources */ = {isa = PBXBuildFile; fileRef = B2A978BC2C50FF92002042C9 /* TokenRepository.swift */; };
		B2A978D62C50FF92002042C9 /* AuthRepositoryImpl.swift in Sources */ = {isa = PBXBuildFile; fileRef = B2A978BE2C50FF92002042C9 /* AuthRepositoryImpl.swift */; };
		B2A978D82C50FF92002042C9 /* TokenRepositoryImpl.swift in Sources */ = {isa = PBXBuildFile; fileRef = B2A978C02C50FF92002042C9 /* TokenRepositoryImpl.swift */; };
		B2A978DB2C50FF92002042C9 /* HomeVC.swift in Sources */ = {isa = PBXBuildFile; fileRef = B2A978C52C50FF92002042C9 /* HomeVC.swift */; };
		B2A978DC2C50FF92002042C9 /* LoginVC.swift in Sources */ = {isa = PBXBuildFile; fileRef = B2A978C72C50FF92002042C9 /* LoginVC.swift */; };
		B2A978DD2C50FF92002042C9 /* OnRouteProtocol.swift in Sources */ = {isa = PBXBuildFile; fileRef = B2A978C92C50FF92002042C9 /* OnRouteProtocol.swift */; };
		B2A978DE2C50FF92002042C9 /* LoginRouter.swift in Sources */ = {isa = PBXBuildFile; fileRef = B2A978CA2C50FF92002042C9 /* LoginRouter.swift */; };
		B2A978E22C510303002042C9 /* MBProgressHUD in Frameworks */ = {isa = PBXBuildFile; productRef = B2A978E12C510303002042C9 /* MBProgressHUD */; };
		B2A978E42C5105BA002042C9 /* Dependencies.swift in Sources */ = {isa = PBXBuildFile; fileRef = B2A978E32C5105BA002042C9 /* Dependencies.swift */; };
		B2A978E82C510A6D002042C9 /* HomeVM.swift in Sources */ = {isa = PBXBuildFile; fileRef = B2A978E72C510A6D002042C9 /* HomeVM.swift */; };
		B2A978ED2C511738002042C9 /* HomeRouter.swift in Sources */ = {isa = PBXBuildFile; fileRef = B2A978EC2C511738002042C9 /* HomeRouter.swift */; };
		B2A978F02C522C6E002042C9 /* FeatureSwiftUIRouter.swift in Sources */ = {isa = PBXBuildFile; fileRef = B2A978EF2C522C6E002042C9 /* FeatureSwiftUIRouter.swift */; };
		B2A978F22C52339B002042C9 /* FeatureSwiftUI.swift in Sources */ = {isa = PBXBuildFile; fileRef = B2A978F12C52339B002042C9 /* FeatureSwiftUI.swift */; };
		B2A978F42C523DE3002042C9 /* AnotherFeatureSwiftUI.swift in Sources */ = {isa = PBXBuildFile; fileRef = B2A978F32C523DE3002042C9 /* AnotherFeatureSwiftUI.swift */; };
		B2A978F82C527953002042C9 /* UnauthZoneFeatureVC.swift in Sources */ = {isa = PBXBuildFile; fileRef = B2A978F72C527953002042C9 /* UnauthZoneFeatureVC.swift */; };
/* End PBXBuildFile section */

/* Begin PBXContainerItemProxy section */
		B2A978042C50E8A6002042C9 /* PBXContainerItemProxy */ = {
			isa = PBXContainerItemProxy;
			containerPortal = B2A977E52C50E8A5002042C9 /* Project object */;
			proxyType = 1;
			remoteGlobalIDString = B2A977EC2C50E8A5002042C9;
			remoteInfo = router_example;
		};
		B2A9780E2C50E8A6002042C9 /* PBXContainerItemProxy */ = {
			isa = PBXContainerItemProxy;
			containerPortal = B2A977E52C50E8A5002042C9 /* Project object */;
			proxyType = 1;
			remoteGlobalIDString = B2A977EC2C50E8A5002042C9;
			remoteInfo = router_example;
		};
/* End PBXContainerItemProxy section */

/* Begin PBXFileReference section */
		B2A977ED2C50E8A5002042C9 /* router_example.app */ = {isa = PBXFileReference; explicitFileType = wrapper.application; includeInIndex = 0; path = router_example.app; sourceTree = BUILT_PRODUCTS_DIR; };
		B2A977F02C50E8A5002042C9 /* AppDelegate.swift */ = {isa = PBXFileReference; lastKnownFileType = sourcecode.swift; path = AppDelegate.swift; sourceTree = "<group>"; };
		B2A977F22C50E8A5002042C9 /* SceneDelegate.swift */ = {isa = PBXFileReference; lastKnownFileType = sourcecode.swift; path = SceneDelegate.swift; sourceTree = "<group>"; };
		B2A977F92C50E8A6002042C9 /* Assets.xcassets */ = {isa = PBXFileReference; lastKnownFileType = folder.assetcatalog; path = Assets.xcassets; sourceTree = "<group>"; };
		B2A977FC2C50E8A6002042C9 /* Base */ = {isa = PBXFileReference; lastKnownFileType = file.storyboard; name = Base; path = Base.lproj/LaunchScreen.storyboard; sourceTree = "<group>"; };
		B2A977FE2C50E8A6002042C9 /* Info.plist */ = {isa = PBXFileReference; lastKnownFileType = text.plist.xml; path = Info.plist; sourceTree = "<group>"; };
		B2A978032C50E8A6002042C9 /* router_exampleTests.xctest */ = {isa = PBXFileReference; explicitFileType = wrapper.cfbundle; includeInIndex = 0; path = router_exampleTests.xctest; sourceTree = BUILT_PRODUCTS_DIR; };
		B2A978072C50E8A6002042C9 /* router_exampleTests.swift */ = {isa = PBXFileReference; lastKnownFileType = sourcecode.swift; path = router_exampleTests.swift; sourceTree = "<group>"; };
		B2A9780D2C50E8A6002042C9 /* router_exampleUITests.xctest */ = {isa = PBXFileReference; explicitFileType = wrapper.cfbundle; includeInIndex = 0; path = router_exampleUITests.xctest; sourceTree = BUILT_PRODUCTS_DIR; };
		B2A978112C50E8A6002042C9 /* router_exampleUITests.swift */ = {isa = PBXFileReference; lastKnownFileType = sourcecode.swift; path = router_exampleUITests.swift; sourceTree = "<group>"; };
		B2A978132C50E8A6002042C9 /* router_exampleUITestsLaunchTests.swift */ = {isa = PBXFileReference; lastKnownFileType = sourcecode.swift; path = router_exampleUITestsLaunchTests.swift; sourceTree = "<group>"; };
		B2A978B22C50FF92002042C9 /* SomeModel.swift */ = {isa = PBXFileReference; fileEncoding = 4; lastKnownFileType = sourcecode.swift; path = SomeModel.swift; sourceTree = "<group>"; };
		B2A978B32C50FF92002042C9 /* Token.swift */ = {isa = PBXFileReference; fileEncoding = 4; lastKnownFileType = sourcecode.swift; path = Token.swift; sourceTree = "<group>"; };
		B2A978B52C50FF92002042C9 /* AuthStatusProviderUsecase.swift */ = {isa = PBXFileReference; fileEncoding = 4; lastKnownFileType = sourcecode.swift; path = AuthStatusProviderUsecase.swift; sourceTree = "<group>"; };
		B2A978B72C50FF92002042C9 /* LoginUsecase.swift */ = {isa = PBXFileReference; fileEncoding = 4; lastKnownFileType = sourcecode.swift; path = LoginUsecase.swift; sourceTree = "<group>"; };
		B2A978B82C50FF92002042C9 /* LogoutUsecase.swift */ = {isa = PBXFileReference; fileEncoding = 4; lastKnownFileType = sourcecode.swift; path = LogoutUsecase.swift; sourceTree = "<group>"; };
		B2A978BA2C50FF92002042C9 /* AuthRepository.swift */ = {isa = PBXFileReference; fileEncoding = 4; lastKnownFileType = sourcecode.swift; path = AuthRepository.swift; sourceTree = "<group>"; };
		B2A978BC2C50FF92002042C9 /* TokenRepository.swift */ = {isa = PBXFileReference; fileEncoding = 4; lastKnownFileType = sourcecode.swift; path = TokenRepository.swift; sourceTree = "<group>"; };
		B2A978BE2C50FF92002042C9 /* AuthRepositoryImpl.swift */ = {isa = PBXFileReference; fileEncoding = 4; lastKnownFileType = sourcecode.swift; path = AuthRepositoryImpl.swift; sourceTree = "<group>"; };
		B2A978C02C50FF92002042C9 /* TokenRepositoryImpl.swift */ = {isa = PBXFileReference; fileEncoding = 4; lastKnownFileType = sourcecode.swift; path = TokenRepositoryImpl.swift; sourceTree = "<group>"; };
		B2A978C52C50FF92002042C9 /* HomeVC.swift */ = {isa = PBXFileReference; fileEncoding = 4; lastKnownFileType = sourcecode.swift; path = HomeVC.swift; sourceTree = "<group>"; };
		B2A978C72C50FF92002042C9 /* LoginVC.swift */ = {isa = PBXFileReference; fileEncoding = 4; lastKnownFileType = sourcecode.swift; path = LoginVC.swift; sourceTree = "<group>"; };
		B2A978C92C50FF92002042C9 /* OnRouteProtocol.swift */ = {isa = PBXFileReference; fileEncoding = 4; lastKnownFileType = sourcecode.swift; path = OnRouteProtocol.swift; sourceTree = "<group>"; };
		B2A978CA2C50FF92002042C9 /* LoginRouter.swift */ = {isa = PBXFileReference; fileEncoding = 4; lastKnownFileType = sourcecode.swift; path = LoginRouter.swift; sourceTree = "<group>"; };
		B2A978E32C5105BA002042C9 /* Dependencies.swift */ = {isa = PBXFileReference; lastKnownFileType = sourcecode.swift; path = Dependencies.swift; sourceTree = "<group>"; };
		B2A978E72C510A6D002042C9 /* HomeVM.swift */ = {isa = PBXFileReference; lastKnownFileType = sourcecode.swift; path = HomeVM.swift; sourceTree = "<group>"; };
		B2A978EC2C511738002042C9 /* HomeRouter.swift */ = {isa = PBXFileReference; lastKnownFileType = sourcecode.swift; path = HomeRouter.swift; sourceTree = "<group>"; };
		B2A978EF2C522C6E002042C9 /* FeatureSwiftUIRouter.swift */ = {isa = PBXFileReference; lastKnownFileType = sourcecode.swift; path = FeatureSwiftUIRouter.swift; sourceTree = "<group>"; };
		B2A978F12C52339B002042C9 /* FeatureSwiftUI.swift */ = {isa = PBXFileReference; lastKnownFileType = sourcecode.swift; path = FeatureSwiftUI.swift; sourceTree = "<group>"; };
		B2A978F32C523DE3002042C9 /* AnotherFeatureSwiftUI.swift */ = {isa = PBXFileReference; lastKnownFileType = sourcecode.swift; path = AnotherFeatureSwiftUI.swift; sourceTree = "<group>"; };
		B2A978F72C527953002042C9 /* UnauthZoneFeatureVC.swift */ = {isa = PBXFileReference; lastKnownFileType = sourcecode.swift; path = UnauthZoneFeatureVC.swift; sourceTree = "<group>"; };
/* End PBXFileReference section */

/* Begin PBXFrameworksBuildPhase section */
		B2A977EA2C50E8A5002042C9 /* Frameworks */ = {
			isa = PBXFrameworksBuildPhase;
			buildActionMask = 2147483647;
			files = (
				B2A978E22C510303002042C9 /* MBProgressHUD in Frameworks */,
			);
			runOnlyForDeploymentPostprocessing = 0;
		};
		B2A978002C50E8A6002042C9 /* Frameworks */ = {
			isa = PBXFrameworksBuildPhase;
			buildActionMask = 2147483647;
			files = (
			);
			runOnlyForDeploymentPostprocessing = 0;
		};
		B2A9780A2C50E8A6002042C9 /* Frameworks */ = {
			isa = PBXFrameworksBuildPhase;
			buildActionMask = 2147483647;
			files = (
			);
			runOnlyForDeploymentPostprocessing = 0;
		};
/* End PBXFrameworksBuildPhase section */

/* Begin PBXGroup section */
		B2A977E42C50E8A5002042C9 = {
			isa = PBXGroup;
			children = (
				B2A977EF2C50E8A5002042C9 /* router_example */,
				B2A978062C50E8A6002042C9 /* router_exampleTests */,
				B2A978102C50E8A6002042C9 /* router_exampleUITests */,
				B2A977EE2C50E8A5002042C9 /* Products */,
				B2A978E02C510303002042C9 /* Frameworks */,
			);
			sourceTree = "<group>";
		};
		B2A977EE2C50E8A5002042C9 /* Products */ = {
			isa = PBXGroup;
			children = (
				B2A977ED2C50E8A5002042C9 /* router_example.app */,
				B2A978032C50E8A6002042C9 /* router_exampleTests.xctest */,
				B2A9780D2C50E8A6002042C9 /* router_exampleUITests.xctest */,
			);
			name = Products;
			sourceTree = "<group>";
		};
		B2A977EF2C50E8A5002042C9 /* router_example */ = {
			isa = PBXGroup;
			children = (
				B2A978C12C50FF92002042C9 /* Data */,
				B2A978BD2C50FF92002042C9 /* Domain */,
				B2A978CC2C50FF92002042C9 /* Presentation */,
				B2A977F02C50E8A5002042C9 /* AppDelegate.swift */,
				B2A977F22C50E8A5002042C9 /* SceneDelegate.swift */,
				B2A977F92C50E8A6002042C9 /* Assets.xcassets */,
				B2A977FB2C50E8A6002042C9 /* LaunchScreen.storyboard */,
				B2A977FE2C50E8A6002042C9 /* Info.plist */,
			);
			path = router_example;
			sourceTree = "<group>";
		};
		B2A978062C50E8A6002042C9 /* router_exampleTests */ = {
			isa = PBXGroup;
			children = (
				B2A978072C50E8A6002042C9 /* router_exampleTests.swift */,
			);
			path = router_exampleTests;
			sourceTree = "<group>";
		};
		B2A978102C50E8A6002042C9 /* router_exampleUITests */ = {
			isa = PBXGroup;
			children = (
				B2A978112C50E8A6002042C9 /* router_exampleUITests.swift */,
				B2A978132C50E8A6002042C9 /* router_exampleUITestsLaunchTests.swift */,
			);
			path = router_exampleUITests;
			sourceTree = "<group>";
		};
		B2A978B42C50FF92002042C9 /* Model */ = {
			isa = PBXGroup;
			children = (
				B2A978B22C50FF92002042C9 /* SomeModel.swift */,
				B2A978B32C50FF92002042C9 /* Token.swift */,
			);
			path = Model;
			sourceTree = "<group>";
		};
		B2A978B92C50FF92002042C9 /* Usecases */ = {
			isa = PBXGroup;
			children = (
				B2A978B52C50FF92002042C9 /* AuthStatusProviderUsecase.swift */,
				B2A978B72C50FF92002042C9 /* LoginUsecase.swift */,
				B2A978B82C50FF92002042C9 /* LogoutUsecase.swift */,
			);
			path = Usecases;
			sourceTree = "<group>";
		};
		B2A978BD2C50FF92002042C9 /* Domain */ = {
			isa = PBXGroup;
			children = (
				B2A978B42C50FF92002042C9 /* Model */,
				B2A978B92C50FF92002042C9 /* Usecases */,
				B2A978BA2C50FF92002042C9 /* AuthRepository.swift */,
				B2A978BC2C50FF92002042C9 /* TokenRepository.swift */,
			);
			path = Domain;
			sourceTree = "<group>";
		};
		B2A978C12C50FF92002042C9 /* Data */ = {
			isa = PBXGroup;
			children = (
				B2A978BE2C50FF92002042C9 /* AuthRepositoryImpl.swift */,
				B2A978C02C50FF92002042C9 /* TokenRepositoryImpl.swift */,
			);
			path = Data;
			sourceTree = "<group>";
		};
		B2A978C42C50FF92002042C9 /* Di */ = {
			isa = PBXGroup;
			children = (
				B2A978E32C5105BA002042C9 /* Dependencies.swift */,
			);
			path = Di;
			sourceTree = "<group>";
		};
		B2A978C62C50FF92002042C9 /* HomeVC */ = {
			isa = PBXGroup;
			children = (
				B2A978C52C50FF92002042C9 /* HomeVC.swift */,
				B2A978E72C510A6D002042C9 /* HomeVM.swift */,
			);
			path = HomeVC;
			sourceTree = "<group>";
		};
		B2A978C82C50FF92002042C9 /* LoginVC */ = {
			isa = PBXGroup;
			children = (
				B2A978C72C50FF92002042C9 /* LoginVC.swift */,
			);
			path = LoginVC;
			sourceTree = "<group>";
		};
		B2A978CB2C50FF92002042C9 /* Router */ = {
			isa = PBXGroup;
			children = (
				B2A978C92C50FF92002042C9 /* OnRouteProtocol.swift */,
			);
			path = Router;
			sourceTree = "<group>";
		};
		B2A978CC2C50FF92002042C9 /* Presentation */ = {
			isa = PBXGroup;
			children = (
				B2A978EA2C511689002042C9 /* UnAuthZone */,
				B2A978E92C51167F002042C9 /* AuthZone */,
				B2A978C42C50FF92002042C9 /* Di */,
				B2A978CB2C50FF92002042C9 /* Router */,
			);
			path = Presentation;
			sourceTree = "<group>";
		};
		B2A978E02C510303002042C9 /* Frameworks */ = {
			isa = PBXGroup;
			children = (
			);
			name = Frameworks;
			sourceTree = "<group>";
		};
		B2A978E92C51167F002042C9 /* AuthZone */ = {
			isa = PBXGroup;
			children = (
				B2A978EE2C522645002042C9 /* FeatureSwiftUI */,
				B2A978EB2C511725002042C9 /* Routers */,
				B2A978C62C50FF92002042C9 /* HomeVC */,
			);
			path = AuthZone;
			sourceTree = "<group>";
		};
		B2A978EA2C511689002042C9 /* UnAuthZone */ = {
			isa = PBXGroup;
			children = (
				B2A978F62C527929002042C9 /* UnauthZoneFeature */,
				B2A978F52C525AAD002042C9 /* Router */,
				B2A978C82C50FF92002042C9 /* LoginVC */,
			);
			path = UnAuthZone;
			sourceTree = "<group>";
		};
		B2A978EB2C511725002042C9 /* Routers */ = {
			isa = PBXGroup;
			children = (
				B2A978EC2C511738002042C9 /* HomeRouter.swift */,
				B2A978EF2C522C6E002042C9 /* FeatureSwiftUIRouter.swift */,
			);
			path = Routers;
			sourceTree = "<group>";
		};
		B2A978EE2C522645002042C9 /* FeatureSwiftUI */ = {
			isa = PBXGroup;
			children = (
				B2A978F12C52339B002042C9 /* FeatureSwiftUI.swift */,
				B2A978F32C523DE3002042C9 /* AnotherFeatureSwiftUI.swift */,
			);
			path = FeatureSwiftUI;
			sourceTree = "<group>";
		};
		B2A978F52C525AAD002042C9 /* Router */ = {
			isa = PBXGroup;
			children = (
				B2A978CA2C50FF92002042C9 /* LoginRouter.swift */,
			);
			path = Router;
			sourceTree = "<group>";
		};
		B2A978F62C527929002042C9 /* UnauthZoneFeature */ = {
			isa = PBXGroup;
			children = (
				B2A978F72C527953002042C9 /* UnauthZoneFeatureVC.swift */,
			);
			path = UnauthZoneFeature;
			sourceTree = "<group>";
		};
/* End PBXGroup section */

/* Begin PBXNativeTarget section */
		B2A977EC2C50E8A5002042C9 /* router_example */ = {
			isa = PBXNativeTarget;
			buildConfigurationList = B2A978172C50E8A6002042C9 /* Build configuration list for PBXNativeTarget "router_example" */;
			buildPhases = (
				B2A977E92C50E8A5002042C9 /* Sources */,
				B2A977EA2C50E8A5002042C9 /* Frameworks */,
				B2A977EB2C50E8A5002042C9 /* Resources */,
			);
			buildRules = (
			);
			dependencies = (
			);
			name = router_example;
			packageProductDependencies = (
				B2A978E12C510303002042C9 /* MBProgressHUD */,
			);
			productName = router_example;
			productReference = B2A977ED2C50E8A5002042C9 /* router_example.app */;
			productType = "com.apple.product-type.application";
		};
		B2A978022C50E8A6002042C9 /* router_exampleTests */ = {
			isa = PBXNativeTarget;
			buildConfigurationList = B2A9781A2C50E8A6002042C9 /* Build configuration list for PBXNativeTarget "router_exampleTests" */;
			buildPhases = (
				B2A977FF2C50E8A6002042C9 /* Sources */,
				B2A978002C50E8A6002042C9 /* Frameworks */,
				B2A978012C50E8A6002042C9 /* Resources */,
			);
			buildRules = (
			);
			dependencies = (
				B2A978052C50E8A6002042C9 /* PBXTargetDependency */,
			);
			name = router_exampleTests;
			productName = router_exampleTests;
			productReference = B2A978032C50E8A6002042C9 /* router_exampleTests.xctest */;
			productType = "com.apple.product-type.bundle.unit-test";
		};
		B2A9780C2C50E8A6002042C9 /* router_exampleUITests */ = {
			isa = PBXNativeTarget;
			buildConfigurationList = B2A9781D2C50E8A6002042C9 /* Build configuration list for PBXNativeTarget "router_exampleUITests" */;
			buildPhases = (
				B2A978092C50E8A6002042C9 /* Sources */,
				B2A9780A2C50E8A6002042C9 /* Frameworks */,
				B2A9780B2C50E8A6002042C9 /* Resources */,
			);
			buildRules = (
			);
			dependencies = (
				B2A9780F2C50E8A6002042C9 /* PBXTargetDependency */,
			);
			name = router_exampleUITests;
			productName = router_exampleUITests;
			productReference = B2A9780D2C50E8A6002042C9 /* router_exampleUITests.xctest */;
			productType = "com.apple.product-type.bundle.ui-testing";
		};
/* End PBXNativeTarget section */

/* Begin PBXProject section */
		B2A977E52C50E8A5002042C9 /* Project object */ = {
			isa = PBXProject;
			attributes = {
				BuildIndependentTargetsInParallel = 1;
				LastSwiftUpdateCheck = 1540;
				LastUpgradeCheck = 1540;
				TargetAttributes = {
					B2A977EC2C50E8A5002042C9 = {
						CreatedOnToolsVersion = 15.4;
					};
					B2A978022C50E8A6002042C9 = {
						CreatedOnToolsVersion = 15.4;
						TestTargetID = B2A977EC2C50E8A5002042C9;
					};
					B2A9780C2C50E8A6002042C9 = {
						CreatedOnToolsVersion = 15.4;
						TestTargetID = B2A977EC2C50E8A5002042C9;
					};
				};
			};
			buildConfigurationList = B2A977E82C50E8A5002042C9 /* Build configuration list for PBXProject "router_example" */;
			compatibilityVersion = "Xcode 14.0";
			developmentRegion = en;
			hasScannedForEncodings = 0;
			knownRegions = (
				en,
				Base,
			);
			mainGroup = B2A977E42C50E8A5002042C9;
			packageReferences = (
				B2A978DF2C5102ED002042C9 /* XCRemoteSwiftPackageReference "MBProgressHUD" */,
			);
			productRefGroup = B2A977EE2C50E8A5002042C9 /* Products */;
			projectDirPath = "";
			projectRoot = "";
			targets = (
				B2A977EC2C50E8A5002042C9 /* router_example */,
				B2A978022C50E8A6002042C9 /* router_exampleTests */,
				B2A9780C2C50E8A6002042C9 /* router_exampleUITests */,
			);
		};
/* End PBXProject section */

/* Begin PBXResourcesBuildPhase section */
		B2A977EB2C50E8A5002042C9 /* Resources */ = {
			isa = PBXResourcesBuildPhase;
			buildActionMask = 2147483647;
			files = (
				B2A977FA2C50E8A6002042C9 /* Assets.xcassets in Resources */,
				B2A977FD2C50E8A6002042C9 /* Base in Resources */,
			);
			runOnlyForDeploymentPostprocessing = 0;
		};
		B2A978012C50E8A6002042C9 /* Resources */ = {
			isa = PBXResourcesBuildPhase;
			buildActionMask = 2147483647;
			files = (
			);
			runOnlyForDeploymentPostprocessing = 0;
		};
		B2A9780B2C50E8A6002042C9 /* Resources */ = {
			isa = PBXResourcesBuildPhase;
			buildActionMask = 2147483647;
			files = (
			);
			runOnlyForDeploymentPostprocessing = 0;
		};
/* End PBXResourcesBuildPhase section */

/* Begin PBXSourcesBuildPhase section */
		B2A977E92C50E8A5002042C9 /* Sources */ = {
			isa = PBXSourcesBuildPhase;
			buildActionMask = 2147483647;
			files = (
				B2A978F82C527953002042C9 /* UnauthZoneFeatureVC.swift in Sources */,
				B2A978DD2C50FF92002042C9 /* OnRouteProtocol.swift in Sources */,
				B2A978DE2C50FF92002042C9 /* LoginRouter.swift in Sources */,
				B2A978DC2C50FF92002042C9 /* LoginVC.swift in Sources */,
				B2A978F02C522C6E002042C9 /* FeatureSwiftUIRouter.swift in Sources */,
				B2A978E42C5105BA002042C9 /* Dependencies.swift in Sources */,
				B2A978DB2C50FF92002042C9 /* HomeVC.swift in Sources */,
				B2A978D82C50FF92002042C9 /* TokenRepositoryImpl.swift in Sources */,
				B2A978CE2C50FF92002042C9 /* Token.swift in Sources */,
				B2A978E82C510A6D002042C9 /* HomeVM.swift in Sources */,
				B2A977F12C50E8A5002042C9 /* AppDelegate.swift in Sources */,
				B2A978D32C50FF92002042C9 /* AuthRepository.swift in Sources */,
				B2A977F32C50E8A5002042C9 /* SceneDelegate.swift in Sources */,
				B2A978CF2C50FF92002042C9 /* AuthStatusProviderUsecase.swift in Sources */,
				B2A978F22C52339B002042C9 /* FeatureSwiftUI.swift in Sources */,
				B2A978D22C50FF92002042C9 /* LogoutUsecase.swift in Sources */,
				B2A978CD2C50FF92002042C9 /* SomeModel.swift in Sources */,
				B2A978D62C50FF92002042C9 /* AuthRepositoryImpl.swift in Sources */,
				B2A978D52C50FF92002042C9 /* TokenRepository.swift in Sources */,
				B2A978D12C50FF92002042C9 /* LoginUsecase.swift in Sources */,
				B2A978F42C523DE3002042C9 /* AnotherFeatureSwiftUI.swift in Sources */,
				B2A978ED2C511738002042C9 /* HomeRouter.swift in Sources */,
			);
			runOnlyForDeploymentPostprocessing = 0;
		};
		B2A977FF2C50E8A6002042C9 /* Sources */ = {
			isa = PBXSourcesBuildPhase;
			buildActionMask = 2147483647;
			files = (
				B2A978082C50E8A6002042C9 /* router_exampleTests.swift in Sources */,
			);
			runOnlyForDeploymentPostprocessing = 0;
		};
		B2A978092C50E8A6002042C9 /* Sources */ = {
			isa = PBXSourcesBuildPhase;
			buildActionMask = 2147483647;
			files = (
				B2A978142C50E8A6002042C9 /* router_exampleUITestsLaunchTests.swift in Sources */,
				B2A978122C50E8A6002042C9 /* router_exampleUITests.swift in Sources */,
			);
			runOnlyForDeploymentPostprocessing = 0;
		};
/* End PBXSourcesBuildPhase section */

/* Begin PBXTargetDependency section */
		B2A978052C50E8A6002042C9 /* PBXTargetDependency */ = {
			isa = PBXTargetDependency;
			target = B2A977EC2C50E8A5002042C9 /* router_example */;
			targetProxy = B2A978042C50E8A6002042C9 /* PBXContainerItemProxy */;
		};
		B2A9780F2C50E8A6002042C9 /* PBXTargetDependency */ = {
			isa = PBXTargetDependency;
			target = B2A977EC2C50E8A5002042C9 /* router_example */;
			targetProxy = B2A9780E2C50E8A6002042C9 /* PBXContainerItemProxy */;
		};
/* End PBXTargetDependency section */

/* Begin PBXVariantGroup section */
		B2A977FB2C50E8A6002042C9 /* LaunchScreen.storyboard */ = {
			isa = PBXVariantGroup;
			children = (
				B2A977FC2C50E8A6002042C9 /* Base */,
			);
			name = LaunchScreen.storyboard;
			sourceTree = "<group>";
		};
/* End PBXVariantGroup section */

/* Begin XCBuildConfiguration section */
		B2A978152C50E8A6002042C9 /* Debug */ = {
			isa = XCBuildConfiguration;
			buildSettings = {
				ALWAYS_SEARCH_USER_PATHS = NO;
				ASSETCATALOG_COMPILER_GENERATE_SWIFT_ASSET_SYMBOL_EXTENSIONS = YES;
				CLANG_ANALYZER_NONNULL = YES;
				CLANG_ANALYZER_NUMBER_OBJECT_CONVERSION = YES_AGGRESSIVE;
				CLANG_CXX_LANGUAGE_STANDARD = "gnu++20";
				CLANG_ENABLE_MODULES = YES;
				CLANG_ENABLE_OBJC_ARC = YES;
				CLANG_ENABLE_OBJC_WEAK = YES;
				CLANG_WARN_BLOCK_CAPTURE_AUTORELEASING = YES;
				CLANG_WARN_BOOL_CONVERSION = YES;
				CLANG_WARN_COMMA = YES;
				CLANG_WARN_CONSTANT_CONVERSION = YES;
				CLANG_WARN_DEPRECATED_OBJC_IMPLEMENTATIONS = YES;
				CLANG_WARN_DIRECT_OBJC_ISA_USAGE = YES_ERROR;
				CLANG_WARN_DOCUMENTATION_COMMENTS = YES;
				CLANG_WARN_EMPTY_BODY = YES;
				CLANG_WARN_ENUM_CONVERSION = YES;
				CLANG_WARN_INFINITE_RECURSION = YES;
				CLANG_WARN_INT_CONVERSION = YES;
				CLANG_WARN_NON_LITERAL_NULL_CONVERSION = YES;
				CLANG_WARN_OBJC_IMPLICIT_RETAIN_SELF = YES;
				CLANG_WARN_OBJC_LITERAL_CONVERSION = YES;
				CLANG_WARN_OBJC_ROOT_CLASS = YES_ERROR;
				CLANG_WARN_QUOTED_INCLUDE_IN_FRAMEWORK_HEADER = YES;
				CLANG_WARN_RANGE_LOOP_ANALYSIS = YES;
				CLANG_WARN_STRICT_PROTOTYPES = YES;
				CLANG_WARN_SUSPICIOUS_MOVE = YES;
				CLANG_WARN_UNGUARDED_AVAILABILITY = YES_AGGRESSIVE;
				CLANG_WARN_UNREACHABLE_CODE = YES;
				CLANG_WARN__DUPLICATE_METHOD_MATCH = YES;
				COPY_PHASE_STRIP = NO;
				DEBUG_INFORMATION_FORMAT = dwarf;
				ENABLE_STRICT_OBJC_MSGSEND = YES;
				ENABLE_TESTABILITY = YES;
				ENABLE_USER_SCRIPT_SANDBOXING = YES;
				GCC_C_LANGUAGE_STANDARD = gnu17;
				GCC_DYNAMIC_NO_PIC = NO;
				GCC_NO_COMMON_BLOCKS = YES;
				GCC_OPTIMIZATION_LEVEL = 0;
				GCC_PREPROCESSOR_DEFINITIONS = (
					"DEBUG=1",
					"$(inherited)",
				);
				GCC_WARN_64_TO_32_BIT_CONVERSION = YES;
				GCC_WARN_ABOUT_RETURN_TYPE = YES_ERROR;
				GCC_WARN_UNDECLARED_SELECTOR = YES;
				GCC_WARN_UNINITIALIZED_AUTOS = YES_AGGRESSIVE;
				GCC_WARN_UNUSED_FUNCTION = YES;
				GCC_WARN_UNUSED_VARIABLE = YES;
				IPHONEOS_DEPLOYMENT_TARGET = 17.5;
				LOCALIZATION_PREFERS_STRING_CATALOGS = YES;
				MTL_ENABLE_DEBUG_INFO = INCLUDE_SOURCE;
				MTL_FAST_MATH = YES;
				ONLY_ACTIVE_ARCH = YES;
				SDKROOT = iphoneos;
				SWIFT_ACTIVE_COMPILATION_CONDITIONS = "DEBUG $(inherited)";
				SWIFT_OPTIMIZATION_LEVEL = "-Onone";
			};
			name = Debug;
		};
		B2A978162C50E8A6002042C9 /* Release */ = {
			isa = XCBuildConfiguration;
			buildSettings = {
				ALWAYS_SEARCH_USER_PATHS = NO;
				ASSETCATALOG_COMPILER_GENERATE_SWIFT_ASSET_SYMBOL_EXTENSIONS = YES;
				CLANG_ANALYZER_NONNULL = YES;
				CLANG_ANALYZER_NUMBER_OBJECT_CONVERSION = YES_AGGRESSIVE;
				CLANG_CXX_LANGUAGE_STANDARD = "gnu++20";
				CLANG_ENABLE_MODULES = YES;
				CLANG_ENABLE_OBJC_ARC = YES;
				CLANG_ENABLE_OBJC_WEAK = YES;
				CLANG_WARN_BLOCK_CAPTURE_AUTORELEASING = YES;
				CLANG_WARN_BOOL_CONVERSION = YES;
				CLANG_WARN_COMMA = YES;
				CLANG_WARN_CONSTANT_CONVERSION = YES;
				CLANG_WARN_DEPRECATED_OBJC_IMPLEMENTATIONS = YES;
				CLANG_WARN_DIRECT_OBJC_ISA_USAGE = YES_ERROR;
				CLANG_WARN_DOCUMENTATION_COMMENTS = YES;
				CLANG_WARN_EMPTY_BODY = YES;
				CLANG_WARN_ENUM_CONVERSION = YES;
				CLANG_WARN_INFINITE_RECURSION = YES;
				CLANG_WARN_INT_CONVERSION = YES;
				CLANG_WARN_NON_LITERAL_NULL_CONVERSION = YES;
				CLANG_WARN_OBJC_IMPLICIT_RETAIN_SELF = YES;
				CLANG_WARN_OBJC_LITERAL_CONVERSION = YES;
				CLANG_WARN_OBJC_ROOT_CLASS = YES_ERROR;
				CLANG_WARN_QUOTED_INCLUDE_IN_FRAMEWORK_HEADER = YES;
				CLANG_WARN_RANGE_LOOP_ANALYSIS = YES;
				CLANG_WARN_STRICT_PROTOTYPES = YES;
				CLANG_WARN_SUSPICIOUS_MOVE = YES;
				CLANG_WARN_UNGUARDED_AVAILABILITY = YES_AGGRESSIVE;
				CLANG_WARN_UNREACHABLE_CODE = YES;
				CLANG_WARN__DUPLICATE_METHOD_MATCH = YES;
				COPY_PHASE_STRIP = NO;
				DEBUG_INFORMATION_FORMAT = "dwarf-with-dsym";
				ENABLE_NS_ASSERTIONS = NO;
				ENABLE_STRICT_OBJC_MSGSEND = YES;
				ENABLE_USER_SCRIPT_SANDBOXING = YES;
				GCC_C_LANGUAGE_STANDARD = gnu17;
				GCC_NO_COMMON_BLOCKS = YES;
				GCC_WARN_64_TO_32_BIT_CONVERSION = YES;
				GCC_WARN_ABOUT_RETURN_TYPE = YES_ERROR;
				GCC_WARN_UNDECLARED_SELECTOR = YES;
				GCC_WARN_UNINITIALIZED_AUTOS = YES_AGGRESSIVE;
				GCC_WARN_UNUSED_FUNCTION = YES;
				GCC_WARN_UNUSED_VARIABLE = YES;
				IPHONEOS_DEPLOYMENT_TARGET = 17.5;
				LOCALIZATION_PREFERS_STRING_CATALOGS = YES;
				MTL_ENABLE_DEBUG_INFO = NO;
				MTL_FAST_MATH = YES;
				SDKROOT = iphoneos;
				SWIFT_COMPILATION_MODE = wholemodule;
				VALIDATE_PRODUCT = YES;
			};
			name = Release;
		};
		B2A978182C50E8A6002042C9 /* Debug */ = {
			isa = XCBuildConfiguration;
			buildSettings = {
				ASSETCATALOG_COMPILER_APPICON_NAME = AppIcon;
				ASSETCATALOG_COMPILER_GLOBAL_ACCENT_COLOR_NAME = AccentColor;
				CODE_SIGN_STYLE = Automatic;
				CURRENT_PROJECT_VERSION = 1;
				DEVELOPMENT_TEAM = HCYSG3HDXK;
				GENERATE_INFOPLIST_FILE = YES;
				INFOPLIST_FILE = router_example/Info.plist;
				INFOPLIST_KEY_UIApplicationSupportsIndirectInputEvents = YES;
				INFOPLIST_KEY_UILaunchStoryboardName = LaunchScreen;
				INFOPLIST_KEY_UISupportedInterfaceOrientations_iPad = UIInterfaceOrientationPortrait;
				INFOPLIST_KEY_UISupportedInterfaceOrientations_iPhone = UIInterfaceOrientationPortrait;
				IPHONEOS_DEPLOYMENT_TARGET = 16.0;
				LD_RUNPATH_SEARCH_PATHS = (
					"$(inherited)",
					"@executable_path/Frameworks",
				);
				MARKETING_VERSION = 1.0;
				PRODUCT_BUNDLE_IDENTIFIER = "com.popkov.test.router.example.router-example";
				PRODUCT_NAME = "$(TARGET_NAME)";
				SWIFT_EMIT_LOC_STRINGS = YES;
				SWIFT_VERSION = 5.0;
				TARGETED_DEVICE_FAMILY = "1,2";
			};
			name = Debug;
		};
		B2A978192C50E8A6002042C9 /* Release */ = {
			isa = XCBuildConfiguration;
			buildSettings = {
				ASSETCATALOG_COMPILER_APPICON_NAME = AppIcon;
				ASSETCATALOG_COMPILER_GLOBAL_ACCENT_COLOR_NAME = AccentColor;
				CODE_SIGN_STYLE = Automatic;
				CURRENT_PROJECT_VERSION = 1;
				DEVELOPMENT_TEAM = HCYSG3HDXK;
				GENERATE_INFOPLIST_FILE = YES;
				INFOPLIST_FILE = router_example/Info.plist;
				INFOPLIST_KEY_UIApplicationSupportsIndirectInputEvents = YES;
				INFOPLIST_KEY_UILaunchStoryboardName = LaunchScreen;
				INFOPLIST_KEY_UISupportedInterfaceOrientations_iPad = UIInterfaceOrientationPortrait;
				INFOPLIST_KEY_UISupportedInterfaceOrientations_iPhone = UIInterfaceOrientationPortrait;
				IPHONEOS_DEPLOYMENT_TARGET = 16.0;
				LD_RUNPATH_SEARCH_PATHS = (
					"$(inherited)",
					"@executable_path/Frameworks",
				);
				MARKETING_VERSION = 1.0;
				PRODUCT_BUNDLE_IDENTIFIER = "com.popkov.test.router.example.router-example";
				PRODUCT_NAME = "$(TARGET_NAME)";
				SWIFT_EMIT_LOC_STRINGS = YES;
				SWIFT_VERSION = 5.0;
				TARGETED_DEVICE_FAMILY = "1,2";
			};
			name = Release;
		};
		B2A9781B2C50E8A6002042C9 /* Debug */ = {
			isa = XCBuildConfiguration;
			buildSettings = {
				ALWAYS_EMBED_SWIFT_STANDARD_LIBRARIES = YES;
				BUNDLE_LOADER = "$(TEST_HOST)";
				CODE_SIGN_STYLE = Automatic;
				CURRENT_PROJECT_VERSION = 1;
				DEVELOPMENT_TEAM = HCYSG3HDXK;
				GENERATE_INFOPLIST_FILE = YES;
				IPHONEOS_DEPLOYMENT_TARGET = 17.5;
				MARKETING_VERSION = 1.0;
				PRODUCT_BUNDLE_IDENTIFIER = "com.popkov.test.router.example.router-exampleTests";
				PRODUCT_NAME = "$(TARGET_NAME)";
				SWIFT_EMIT_LOC_STRINGS = NO;
				SWIFT_VERSION = 5.0;
				TARGETED_DEVICE_FAMILY = "1,2";
				TEST_HOST = "$(BUILT_PRODUCTS_DIR)/router_example.app/$(BUNDLE_EXECUTABLE_FOLDER_PATH)/router_example";
			};
			name = Debug;
		};
		B2A9781C2C50E8A6002042C9 /* Release */ = {
			isa = XCBuildConfiguration;
			buildSettings = {
				ALWAYS_EMBED_SWIFT_STANDARD_LIBRARIES = YES;
				BUNDLE_LOADER = "$(TEST_HOST)";
				CODE_SIGN_STYLE = Automatic;
				CURRENT_PROJECT_VERSION = 1;
				DEVELOPMENT_TEAM = HCYSG3HDXK;
				GENERATE_INFOPLIST_FILE = YES;
				IPHONEOS_DEPLOYMENT_TARGET = 17.5;
				MARKETING_VERSION = 1.0;
				PRODUCT_BUNDLE_IDENTIFIER = "com.popkov.test.router.example.router-exampleTests";
				PRODUCT_NAME = "$(TARGET_NAME)";
				SWIFT_EMIT_LOC_STRINGS = NO;
				SWIFT_VERSION = 5.0;
				TARGETED_DEVICE_FAMILY = "1,2";
				TEST_HOST = "$(BUILT_PRODUCTS_DIR)/router_example.app/$(BUNDLE_EXECUTABLE_FOLDER_PATH)/router_example";
			};
			name = Release;
		};
		B2A9781E2C50E8A6002042C9 /* Debug */ = {
			isa = XCBuildConfiguration;
			buildSettings = {
				ALWAYS_EMBED_SWIFT_STANDARD_LIBRARIES = YES;
				CODE_SIGN_STYLE = Automatic;
				CURRENT_PROJECT_VERSION = 1;
				DEVELOPMENT_TEAM = HCYSG3HDXK;
				GENERATE_INFOPLIST_FILE = YES;
				MARKETING_VERSION = 1.0;
				PRODUCT_BUNDLE_IDENTIFIER = "com.popkov.test.router.example.router-exampleUITests";
				PRODUCT_NAME = "$(TARGET_NAME)";
				SWIFT_EMIT_LOC_STRINGS = NO;
				SWIFT_VERSION = 5.0;
				TARGETED_DEVICE_FAMILY = "1,2";
				TEST_TARGET_NAME = router_example;
			};
			name = Debug;
		};
		B2A9781F2C50E8A6002042C9 /* Release */ = {
			isa = XCBuildConfiguration;
			buildSettings = {
				ALWAYS_EMBED_SWIFT_STANDARD_LIBRARIES = YES;
				CODE_SIGN_STYLE = Automatic;
				CURRENT_PROJECT_VERSION = 1;
				DEVELOPMENT_TEAM = HCYSG3HDXK;
				GENERATE_INFOPLIST_FILE = YES;
				MARKETING_VERSION = 1.0;
				PRODUCT_BUNDLE_IDENTIFIER = "com.popkov.test.router.example.router-exampleUITests";
				PRODUCT_NAME = "$(TARGET_NAME)";
				SWIFT_EMIT_LOC_STRINGS = NO;
				SWIFT_VERSION = 5.0;
				TARGETED_DEVICE_FAMILY = "1,2";
				TEST_TARGET_NAME = router_example;
			};
			name = Release;
		};
/* End XCBuildConfiguration section */

/* Begin XCConfigurationList section */
		B2A977E82C50E8A5002042C9 /* Build configuration list for PBXProject "router_example" */ = {
			isa = XCConfigurationList;
			buildConfigurations = (
				B2A978152C50E8A6002042C9 /* Debug */,
				B2A978162C50E8A6002042C9 /* Release */,
			);
			defaultConfigurationIsVisible = 0;
			defaultConfigurationName = Release;
		};
		B2A978172C50E8A6002042C9 /* Build configuration list for PBXNativeTarget "router_example" */ = {
			isa = XCConfigurationList;
			buildConfigurations = (
				B2A978182C50E8A6002042C9 /* Debug */,
				B2A978192C50E8A6002042C9 /* Release */,
			);
			defaultConfigurationIsVisible = 0;
			defaultConfigurationName = Release;
		};
		B2A9781A2C50E8A6002042C9 /* Build configuration list for PBXNativeTarget "router_exampleTests" */ = {
			isa = XCConfigurationList;
			buildConfigurations = (
				B2A9781B2C50E8A6002042C9 /* Debug */,
				B2A9781C2C50E8A6002042C9 /* Release */,
			);
			defaultConfigurationIsVisible = 0;
			defaultConfigurationName = Release;
		};
		B2A9781D2C50E8A6002042C9 /* Build configuration list for PBXNativeTarget "router_exampleUITests" */ = {
			isa = XCConfigurationList;
			buildConfigurations = (
				B2A9781E2C50E8A6002042C9 /* Debug */,
				B2A9781F2C50E8A6002042C9 /* Release */,
			);
			defaultConfigurationIsVisible = 0;
			defaultConfigurationName = Release;
		};
/* End XCConfigurationList section */

/* Begin XCRemoteSwiftPackageReference section */
		B2A978DF2C5102ED002042C9 /* XCRemoteSwiftPackageReference "MBProgressHUD" */ = {
			isa = XCRemoteSwiftPackageReference;
			repositoryURL = "https://github.com/jdg/MBProgressHUD.git";
			requirement = {
				kind = upToNextMajorVersion;
				minimumVersion = 1.2.0;
			};
		};
/* End XCRemoteSwiftPackageReference section */

/* Begin XCSwiftPackageProductDependency section */
		B2A978E12C510303002042C9 /* MBProgressHUD */ = {
			isa = XCSwiftPackageProductDependency;
			package = B2A978DF2C5102ED002042C9 /* XCRemoteSwiftPackageReference "MBProgressHUD" */;
			productName = MBProgressHUD;
		};
/* End XCSwiftPackageProductDependency section */
	};
	rootObject = B2A977E52C50E8A5002042C9 /* Project object */;
}
